
Microsoft Visual Studio Solution File, Format Version 12.00
# Visual Studio Version 17
VisualStudioVersion = 17.0.31912.275
MinimumVisualStudioVersion = 10.0.40219.1
Project("{6EC3EE1D-3C4E-46DD-8F32-0CC8E7565705}") = "Synchromail", "Synchromail\Synchromail.fsproj", "{ABBA574A-995F-4E66-A8D8-9D279A3FB670}"
EndProject
Project("{FAE04EC0-301F-11D3-BF4B-00C04F79EFBC}") = "tomltest", "tomltest\tomltest.csproj", "{47F49313-F69C-4B9A-B093-A1C453585206}"
EndProject
Global
	GlobalSection(SolutionConfigurationPlatforms) = preSolution
		Debug|Any CPU = Debug|Any CPU
		Release|Any CPU = Release|Any CPU
	EndGlobalSection
	GlobalSection(ProjectConfigurationPlatforms) = postSolution
		{ABBA574A-995F-4E66-A8D8-9D279A3FB670}.Debug|Any CPU.ActiveCfg = Debug|Any CPU
		{ABBA574A-995F-4E66-A8D8-9D279A3FB670}.Debug|Any CPU.Build.0 = Debug|Any CPU
		{ABBA574A-995F-4E66-A8D8-9D279A3FB670}.Release|Any CPU.ActiveCfg = Release|Any CPU
		{ABBA574A-995F-4E66-A8D8-9D279A3FB670}.Release|Any CPU.Build.0 = Release|Any CPU
		{47F49313-F69C-4B9A-B093-A1C453585206}.Debug|Any CPU.ActiveCfg = Debug|Any CPU
		{47F49313-F69C-4B9A-B093-A1C453585206}.Debug|Any CPU.Build.0 = Debug|Any CPU
		{47F49313-F69C-4B9A-B093-A1C453585206}.Release|Any CPU.ActiveCfg = Release|Any CPU
		{47F49313-F69C-4B9A-B093-A1C453585206}.Release|Any CPU.Build.0 = Release|Any CPU
	EndGlobalSection
	GlobalSection(SolutionProperties) = preSolution
		HideSolutionNode = FALSE
	EndGlobalSection
	GlobalSection(ExtensibilityGlobals) = postSolution
		SolutionGuid = {5AD11F0D-5408-4F4C-8571-F70AE6A41E3B}
	EndGlobalSection
EndGlobal
