
Microsoft Visual Studio Solution File, Format Version 12.00
# Visual Studio Version 17
VisualStudioVersion = 17.0.31912.275
MinimumVisualStudioVersion = 10.0.40219.1
Project("{F2A71F9B-5D33-465A-A702-920D77279786}") = "Synchromail", "Synchromail\Synchromail.fsproj", "{ABBA574A-995F-4E66-A8D8-9D279A3FB670}"
EndProject
Global
	GlobalSection(SolutionConfigurationPlatforms) = preSolution
		Debug|Any CPU = Debug|Any CPU
		Release|Any CPU = Release|Any CPU
	EndGlobalSection
	GlobalSection(ProjectConfigurationPlatforms) = postSolution
		{ABBA574A-995F-4E66-A8D8-9D279A3FB670}.Debug|Any CPU.ActiveCfg = Debug|Any CPU
		{ABBA574A-995F-4E66-A8D8-9D279A3FB670}.Debug|Any CPU.Build.0 = Debug|Any CPU
		{ABBA574A-995F-4E66-A8D8-9D279A3FB670}.Release|Any CPU.ActiveCfg = Release|Any CPU
		{ABBA574A-995F-4E66-A8D8-9D279A3FB670}.Release|Any CPU.Build.0 = Release|Any CPU
	EndGlobalSection
	GlobalSection(SolutionProperties) = preSolution
		HideSolutionNode = FALSE
	EndGlobalSection
	GlobalSection(ExtensibilityGlobals) = postSolution
		SolutionGuid = {5AD11F0D-5408-4F4C-8571-F70AE6A41E3B}
	EndGlobalSection
EndGlobal
